<?xml version="1.0" encoding="utf-8"?>
<Project ToolsVersion="4.0" xmlns="http://schemas.microsoft.com/developer/msbuild/2003">
  <ItemGroup>
    <Filter Include="Core">
      <UniqueIdentifier>{4FC737F1-C7A5-4376-A066-2A32D752A2FF}</UniqueIdentifier>
    </Filter>
    <Filter Include="Math">
      <UniqueIdentifier>{6D2C5F01-A7B8-4E3F-9C1D-5E8F2A4B6C7D}</UniqueIdentifier>
    </Filter>
    <Filter Include="Platform">
      <UniqueIdentifier>{7E3D6A02-B8C9-4F4A-AD2E-6F9A3B5C7D8E}</UniqueIdentifier>
    </Filter>
    <Filter Include="Platform\Win32">
      <UniqueIdentifier>{8F4E7B03-C9DA-4A5B-BE3F-7A0B4C6D8E9F}</UniqueIdentifier>
    </Filter>
    <Filter Include="RHI">
      <UniqueIdentifier>{9A5F8C04-DAEB-4B6C-CF4A-8B1C5D7E9FA0}</UniqueIdentifier>
    </Filter>
    <Filter Include="RHI\D3D12">
      <UniqueIdentifier>{AB6A9D05-EBFC-4C7D-DA5B-9C2D6E8FA0B1}</UniqueIdentifier>
    </Filter>
    <Filter Include="Renderer">
      <UniqueIdentifier>{BC7BAE06-FC0D-4D8E-EB6C-AD3E7F9AB1C2}</UniqueIdentifier>
    </Filter>
    <Filter Include="Scene">
      <UniqueIdentifier>{CD8CBF07-0D1E-4E9F-FC7D-BE4F8A0BC2D3}</UniqueIdentifier>
    </Filter>
  </ItemGroup>

  <ItemGroup>
    <ClCompile Include="main.cpp" />
    <ClCompile Include="Core\Engine.cpp">
      <Filter>Core</Filter>
    </ClCompile>
    <ClCompile Include="Platform\Win32\Win32Window.cpp">
      <Filter>Platform\Win32</Filter>
    </ClCompile>
    <ClCompile Include="RHI\D3D12\D3D12Device.cpp">
      <Filter>RHI\D3D12</Filter>
    </ClCompile>
    <ClCompile Include="RHI\D3D12\D3D12Context.cpp">
      <Filter>RHI\D3D12</Filter>
    </ClCompile>
    <ClCompile Include="RHI\D3D12\D3D12SwapChain.cpp">
      <Filter>RHI\D3D12</Filter>
    </ClCompile>
    <ClCompile Include="RHI\D3D12\D3D12DescriptorHeap.cpp">
      <Filter>RHI\D3D12</Filter>
    </ClCompile>
  </ItemGroup>

  <ItemGroup>
    <ClInclude Include="Core\Types.h">
      <Filter>Core</Filter>
    </ClInclude>
    <ClInclude Include="Core\Engine.h">
      <Filter>Core</Filter>
    </ClInclude>
    <ClInclude Include="Platform\Win32\Win32Window.h">
      <Filter>Platform\Win32</Filter>
    </ClInclude>
    <ClInclude Include="Math\MathUtil.h">
      <Filter>Math</Filter>
    </ClInclude>
    <ClInclude Include="RHI\RHIDevice.h">
      <Filter>RHI</Filter>
    </ClInclude>
    <ClInclude Include="RHI\RHIBuffer.h">
      <Filter>RHI</Filter>
    </ClInclude>
    <ClInclude Include="RHI\RHIContext.h">
      <Filter>RHI</Filter>
    </ClInclude>
    <ClInclude Include="RHI\D3D12\D3D12Device.h">
      <Filter>RHI\D3D12</Filter>
    </ClInclude>
    <ClInclude Include="RHI\D3D12\D3D12Context.h">
      <Filter>RHI\D3D12</Filter>
    </ClInclude>
    <ClInclude Include="RHI\D3D12\D3D12SwapChain.h">
      <Filter>RHI\D3D12</Filter>
    </ClInclude>
    <ClInclude Include="RHI\D3D12\D3D12DescriptorHeap.h">
      <Filter>RHI\D3D12</Filter>
    </ClInclude>
  </ItemGroup>
</Project>
